// !$*UTF8*$!
{
	archiveVersion = 1;
	classes = {
	};
	objectVersion = 46;
	objects = {

/* Begin PBXBuildFile section */
		A35737E91A2777660021DD36 /* Offer.swift in Sources */ = {isa = PBXBuildFile; fileRef = A35737E81A2777660021DD36 /* Offer.swift */; };
		A35737EB1A2777840021DD36 /* Product.swift in Sources */ = {isa = PBXBuildFile; fileRef = A35737EA1A2777840021DD36 /* Product.swift */; };
		A365FF6E1A370D2B001706F5 /* Move4Klant.xcdatamodeld in Sources */ = {isa = PBXBuildFile; fileRef = A365FF6C1A370D2B001706F5 /* Move4Klant.xcdatamodeld */; };
		A365FF701A37449E001706F5 /* DataHandler.swift in Sources */ = {isa = PBXBuildFile; fileRef = A365FF6F1A37449E001706F5 /* DataHandler.swift */; };
		A3AAFC271A4178A30026D744 /* ImageHandler.swift in Sources */ = {isa = PBXBuildFile; fileRef = A3AAFC261A4178A30026D744 /* ImageHandler.swift */; };
		A3CC8D2F1A25FD6A00C0E513 /* ServerRequestHandler.swift in Sources */ = {isa = PBXBuildFile; fileRef = A3CC8D2E1A25FD6A00C0E513 /* ServerRequestHandler.swift */; };
		A3CC8D311A26012E00C0E513 /* Config.swift in Sources */ = {isa = PBXBuildFile; fileRef = A3CC8D301A26012E00C0E513 /* Config.swift */; };
		A3CC8D331A260E2D00C0E513 /* Category.swift in Sources */ = {isa = PBXBuildFile; fileRef = A3CC8D321A260E2D00C0E513 /* Category.swift */; };
		A3DB3E3A1A28AA9D00062094 /* Beacon.swift in Sources */ = {isa = PBXBuildFile; fileRef = A3DB3E391A28AA9D00062094 /* Beacon.swift */; };
		B30BA88D1A249C2800B398CB /* Home.swift in Sources */ = {isa = PBXBuildFile; fileRef = B30BA88C1A249C2800B398CB /* Home.swift */; };
		B30BA88F1A249C5700B398CB /* Settings.swift in Sources */ = {isa = PBXBuildFile; fileRef = B30BA88E1A249C5700B398CB /* Settings.swift */; };
		B30BA8911A249C9800B398CB /* ManageAccount.swift in Sources */ = {isa = PBXBuildFile; fileRef = B30BA8901A249C9800B398CB /* ManageAccount.swift */; };
		B30BA8931A249D6000B398CB /* EditAccount.swift in Sources */ = {isa = PBXBuildFile; fileRef = B30BA8921A249D6000B398CB /* EditAccount.swift */; };
		B30BA8951A249D9F00B398CB /* LikedCategories.swift in Sources */ = {isa = PBXBuildFile; fileRef = B30BA8941A249D9F00B398CB /* LikedCategories.swift */; };
		B30BA8971A249DD900B398CB /* ManageAccountCell.swift in Sources */ = {isa = PBXBuildFile; fileRef = B30BA8961A249DD900B398CB /* ManageAccountCell.swift */; };
		B30BA8991A249E0700B398CB /* LikedCategoriesCell.swift in Sources */ = {isa = PBXBuildFile; fileRef = B30BA8981A249E0700B398CB /* LikedCategoriesCell.swift */; };
		B30BA89B1A249F5400B398CB /* SettingsCell.swift in Sources */ = {isa = PBXBuildFile; fileRef = B30BA89A1A249F5400B398CB /* SettingsCell.swift */; };
		B30BA89D1A24A0A900B398CB /* EditAccountCell.swift in Sources */ = {isa = PBXBuildFile; fileRef = B30BA89C1A24A0A900B398CB /* EditAccountCell.swift */; };
		B3351B231A3891CC0060759A /* cancel.png in Resources */ = {isa = PBXBuildFile; fileRef = B3351B211A3891CC0060759A /* cancel.png */; };
		B3351B241A3891CC0060759A /* Spijkers.png in Resources */ = {isa = PBXBuildFile; fileRef = B3351B221A3891CC0060759A /* Spijkers.png */; };
		B3351B271A3999290060759A /* emptyprofile.png in Resources */ = {isa = PBXBuildFile; fileRef = B3351B261A3999290060759A /* emptyprofile.png */; };
		B34A1BCE1A43152B0068EACB /* hardware_tools_1.png in Resources */ = {isa = PBXBuildFile; fileRef = B34A1BCD1A43152B0068EACB /* hardware_tools_1.png */; };
		B34A1BD21A431B960068EACB /* signUp.png in Resources */ = {isa = PBXBuildFile; fileRef = B34A1BD11A431B960068EACB /* signUp.png */; };
		B37373FA1A287D5600A35E2E /* HTTPRequestSerializer.swift in Sources */ = {isa = PBXBuildFile; fileRef = B37373F61A287D5600A35E2E /* HTTPRequestSerializer.swift */; };
		B37373FB1A287D5600A35E2E /* HTTPResponseSerializer.swift in Sources */ = {isa = PBXBuildFile; fileRef = B37373F71A287D5600A35E2E /* HTTPResponseSerializer.swift */; };
		B37373FC1A287D5600A35E2E /* HTTPTask.swift in Sources */ = {isa = PBXBuildFile; fileRef = B37373F81A287D5600A35E2E /* HTTPTask.swift */; };
		B37373FD1A287D5600A35E2E /* HTTPUpload.swift in Sources */ = {isa = PBXBuildFile; fileRef = B37373F91A287D5600A35E2E /* HTTPUpload.swift */; };
		B37374031A28909D00A35E2E /* CoreData.framework in Frameworks */ = {isa = PBXBuildFile; fileRef = B37374021A28909D00A35E2E /* CoreData.framework */; };
		B396E6E61A373F2E005B454A /* ProductView.swift in Sources */ = {isa = PBXBuildFile; fileRef = B396E6E51A373F2E005B454A /* ProductView.swift */; };
		B396E6EA1A38340F005B454A /* OfferView.swift in Sources */ = {isa = PBXBuildFile; fileRef = B396E6E91A38340F005B454A /* OfferView.swift */; };
		B3A1A3351A24784C0090BC17 /* AppDelegate.swift in Sources */ = {isa = PBXBuildFile; fileRef = B3A1A3341A24784C0090BC17 /* AppDelegate.swift */; };
		B3A1A3371A24784C0090BC17 /* ViewController.swift in Sources */ = {isa = PBXBuildFile; fileRef = B3A1A3361A24784C0090BC17 /* ViewController.swift */; };
		B3A1A33A1A24784C0090BC17 /* Main.storyboard in Resources */ = {isa = PBXBuildFile; fileRef = B3A1A3381A24784C0090BC17 /* Main.storyboard */; };
		B3A1A33C1A24784D0090BC17 /* Images.xcassets in Resources */ = {isa = PBXBuildFile; fileRef = B3A1A33B1A24784D0090BC17 /* Images.xcassets */; };
		B3A1A33F1A24784D0090BC17 /* LaunchScreen.xib in Resources */ = {isa = PBXBuildFile; fileRef = B3A1A33D1A24784D0090BC17 /* LaunchScreen.xib */; };
		B3D49E921A2DBB8400982DF5 /* ScanForBeacons.swift in Sources */ = {isa = PBXBuildFile; fileRef = B3D49E911A2DBB8400982DF5 /* ScanForBeacons.swift */; };
		B3D49E941A2DBD9F00982DF5 /* ScanForBeaconsCell.swift in Sources */ = {isa = PBXBuildFile; fileRef = B3D49E931A2DBD9F00982DF5 /* ScanForBeaconsCell.swift */; };
		B3D49E981A31A4BE00982DF5 /* LogIn.swift in Sources */ = {isa = PBXBuildFile; fileRef = B3D49E971A31A4BE00982DF5 /* LogIn.swift */; };
		B3D89FD31A417EE700A57FD1 /* SignUp.swift in Sources */ = {isa = PBXBuildFile; fileRef = B3D89FD21A417EE700A57FD1 /* SignUp.swift */; };
		B3FF110D1A2718A600F3AE84 /* User.swift in Sources */ = {isa = PBXBuildFile; fileRef = B3FF110C1A2718A600F3AE84 /* User.swift */; };
/* End PBXBuildFile section */

/* Begin PBXFileReference section */
		A35737E81A2777660021DD36 /* Offer.swift */ = {isa = PBXFileReference; fileEncoding = 4; lastKnownFileType = sourcecode.swift; path = Offer.swift; sourceTree = "<group>"; };
		A35737EA1A2777840021DD36 /* Product.swift */ = {isa = PBXFileReference; fileEncoding = 4; lastKnownFileType = sourcecode.swift; path = Product.swift; sourceTree = "<group>"; };
		A365FF6D1A370D2B001706F5 /* Move4Klant.xcdatamodel */ = {isa = PBXFileReference; lastKnownFileType = wrapper.xcdatamodel; path = Move4Klant.xcdatamodel; sourceTree = "<group>"; };
		A365FF6F1A37449E001706F5 /* DataHandler.swift */ = {isa = PBXFileReference; fileEncoding = 4; lastKnownFileType = sourcecode.swift; path = DataHandler.swift; sourceTree = "<group>"; };
		A3AAFC261A4178A30026D744 /* ImageHandler.swift */ = {isa = PBXFileReference; fileEncoding = 4; lastKnownFileType = sourcecode.swift; path = ImageHandler.swift; sourceTree = "<group>"; };
		A3CC8D2E1A25FD6A00C0E513 /* ServerRequestHandler.swift */ = {isa = PBXFileReference; fileEncoding = 4; lastKnownFileType = sourcecode.swift; path = ServerRequestHandler.swift; sourceTree = "<group>"; };
		A3CC8D301A26012E00C0E513 /* Config.swift */ = {isa = PBXFileReference; fileEncoding = 4; lastKnownFileType = sourcecode.swift; path = Config.swift; sourceTree = "<group>"; };
		A3CC8D321A260E2D00C0E513 /* Category.swift */ = {isa = PBXFileReference; fileEncoding = 4; lastKnownFileType = sourcecode.swift; path = Category.swift; sourceTree = "<group>"; };
		A3DB3E391A28AA9D00062094 /* Beacon.swift */ = {isa = PBXFileReference; fileEncoding = 4; lastKnownFileType = sourcecode.swift; path = Beacon.swift; sourceTree = "<group>"; };
		B30BA88C1A249C2800B398CB /* Home.swift */ = {isa = PBXFileReference; fileEncoding = 4; lastKnownFileType = sourcecode.swift; path = Home.swift; sourceTree = "<group>"; };
		B30BA88E1A249C5700B398CB /* Settings.swift */ = {isa = PBXFileReference; fileEncoding = 4; lastKnownFileType = sourcecode.swift; path = Settings.swift; sourceTree = "<group>"; };
		B30BA8901A249C9800B398CB /* ManageAccount.swift */ = {isa = PBXFileReference; fileEncoding = 4; lastKnownFileType = sourcecode.swift; path = ManageAccount.swift; sourceTree = "<group>"; };
		B30BA8921A249D6000B398CB /* EditAccount.swift */ = {isa = PBXFileReference; fileEncoding = 4; lastKnownFileType = sourcecode.swift; path = EditAccount.swift; sourceTree = "<group>"; };
		B30BA8941A249D9F00B398CB /* LikedCategories.swift */ = {isa = PBXFileReference; fileEncoding = 4; lastKnownFileType = sourcecode.swift; path = LikedCategories.swift; sourceTree = "<group>"; };
		B30BA8961A249DD900B398CB /* ManageAccountCell.swift */ = {isa = PBXFileReference; fileEncoding = 4; lastKnownFileType = sourcecode.swift; path = ManageAccountCell.swift; sourceTree = "<group>"; };
		B30BA8981A249E0700B398CB /* LikedCategoriesCell.swift */ = {isa = PBXFileReference; fileEncoding = 4; lastKnownFileType = sourcecode.swift; path = LikedCategoriesCell.swift; sourceTree = "<group>"; };
		B30BA89A1A249F5400B398CB /* SettingsCell.swift */ = {isa = PBXFileReference; fileEncoding = 4; lastKnownFileType = sourcecode.swift; path = SettingsCell.swift; sourceTree = "<group>"; };
		B30BA89C1A24A0A900B398CB /* EditAccountCell.swift */ = {isa = PBXFileReference; fileEncoding = 4; lastKnownFileType = sourcecode.swift; path = EditAccountCell.swift; sourceTree = "<group>"; };
		B3351B211A3891CC0060759A /* cancel.png */ = {isa = PBXFileReference; lastKnownFileType = image.png; path = cancel.png; sourceTree = "<group>"; };
		B3351B221A3891CC0060759A /* Spijkers.png */ = {isa = PBXFileReference; lastKnownFileType = image.png; path = Spijkers.png; sourceTree = "<group>"; };
		B3351B261A3999290060759A /* emptyprofile.png */ = {isa = PBXFileReference; lastKnownFileType = image.png; path = emptyprofile.png; sourceTree = "<group>"; };
		B34A1BCD1A43152B0068EACB /* hardware_tools_1.png */ = {isa = PBXFileReference; lastKnownFileType = image.png; path = hardware_tools_1.png; sourceTree = "<group>"; };
		B34A1BD11A431B960068EACB /* signUp.png */ = {isa = PBXFileReference; lastKnownFileType = image.png; path = signUp.png; sourceTree = "<group>"; };
		B37373F61A287D5600A35E2E /* HTTPRequestSerializer.swift */ = {isa = PBXFileReference; fileEncoding = 4; lastKnownFileType = sourcecode.swift; path = HTTPRequestSerializer.swift; sourceTree = "<group>"; };
		B37373F71A287D5600A35E2E /* HTTPResponseSerializer.swift */ = {isa = PBXFileReference; fileEncoding = 4; lastKnownFileType = sourcecode.swift; path = HTTPResponseSerializer.swift; sourceTree = "<group>"; };
		B37373F81A287D5600A35E2E /* HTTPTask.swift */ = {isa = PBXFileReference; fileEncoding = 4; lastKnownFileType = sourcecode.swift; path = HTTPTask.swift; sourceTree = "<group>"; };
		B37373F91A287D5600A35E2E /* HTTPUpload.swift */ = {isa = PBXFileReference; fileEncoding = 4; lastKnownFileType = sourcecode.swift; path = HTTPUpload.swift; sourceTree = "<group>"; };
		B37374021A28909D00A35E2E /* CoreData.framework */ = {isa = PBXFileReference; lastKnownFileType = wrapper.framework; name = CoreData.framework; path = System/Library/Frameworks/CoreData.framework; sourceTree = SDKROOT; };
		B396E6E51A373F2E005B454A /* ProductView.swift */ = {isa = PBXFileReference; fileEncoding = 4; lastKnownFileType = sourcecode.swift; path = ProductView.swift; sourceTree = "<group>"; };
		B396E6E91A38340F005B454A /* OfferView.swift */ = {isa = PBXFileReference; fileEncoding = 4; lastKnownFileType = sourcecode.swift; path = OfferView.swift; sourceTree = "<group>"; };
		B3A1A32F1A24784C0090BC17 /* Move4Klant.app */ = {isa = PBXFileReference; explicitFileType = wrapper.application; includeInIndex = 0; path = Move4Klant.app; sourceTree = BUILT_PRODUCTS_DIR; };
		B3A1A3331A24784C0090BC17 /* Info.plist */ = {isa = PBXFileReference; lastKnownFileType = text.plist.xml; path = Info.plist; sourceTree = "<group>"; };
		B3A1A3341A24784C0090BC17 /* AppDelegate.swift */ = {isa = PBXFileReference; lastKnownFileType = sourcecode.swift; path = AppDelegate.swift; sourceTree = "<group>"; };
		B3A1A3361A24784C0090BC17 /* ViewController.swift */ = {isa = PBXFileReference; lastKnownFileType = sourcecode.swift; path = ViewController.swift; sourceTree = "<group>"; };
		B3A1A3391A24784C0090BC17 /* Base */ = {isa = PBXFileReference; lastKnownFileType = file.storyboard; name = Base; path = Base.lproj/Main.storyboard; sourceTree = "<group>"; };
		B3A1A33B1A24784D0090BC17 /* Images.xcassets */ = {isa = PBXFileReference; lastKnownFileType = folder.assetcatalog; path = Images.xcassets; sourceTree = "<group>"; };
		B3A1A33E1A24784D0090BC17 /* Base */ = {isa = PBXFileReference; lastKnownFileType = file.xib; name = Base; path = Base.lproj/LaunchScreen.xib; sourceTree = "<group>"; };
		B3A1A3491A24784D0090BC17 /* Info.plist */ = {isa = PBXFileReference; lastKnownFileType = text.plist.xml; path = Info.plist; sourceTree = "<group>"; };
		B3A1A34A1A24784D0090BC17 /* Move4MobileTests.swift */ = {isa = PBXFileReference; lastKnownFileType = sourcecode.swift; path = Move4MobileTests.swift; sourceTree = "<group>"; };
		B3D49E911A2DBB8400982DF5 /* ScanForBeacons.swift */ = {isa = PBXFileReference; fileEncoding = 4; lastKnownFileType = sourcecode.swift; path = ScanForBeacons.swift; sourceTree = "<group>"; };
		B3D49E931A2DBD9F00982DF5 /* ScanForBeaconsCell.swift */ = {isa = PBXFileReference; fileEncoding = 4; lastKnownFileType = sourcecode.swift; path = ScanForBeaconsCell.swift; sourceTree = "<group>"; };
		B3D49E971A31A4BE00982DF5 /* LogIn.swift */ = {isa = PBXFileReference; fileEncoding = 4; lastKnownFileType = sourcecode.swift; path = LogIn.swift; sourceTree = "<group>"; };
		B3D89FD21A417EE700A57FD1 /* SignUp.swift */ = {isa = PBXFileReference; fileEncoding = 4; lastKnownFileType = sourcecode.swift; path = SignUp.swift; sourceTree = "<group>"; };
		B3FF110C1A2718A600F3AE84 /* User.swift */ = {isa = PBXFileReference; fileEncoding = 4; lastKnownFileType = sourcecode.swift; path = User.swift; sourceTree = "<group>"; };
/* End PBXFileReference section */

/* Begin PBXFrameworksBuildPhase section */
		B3A1A32C1A24784C0090BC17 /* Frameworks */ = {
			isa = PBXFrameworksBuildPhase;
			buildActionMask = 2147483647;
			files = (
				B37374031A28909D00A35E2E /* CoreData.framework in Frameworks */,
			);
			runOnlyForDeploymentPostprocessing = 0;
		};
/* End PBXFrameworksBuildPhase section */

/* Begin PBXGroup section */
		A365FF711A3852BA001706F5 /* Library */ = {
			isa = PBXGroup;
			children = (
				A3CC8D2E1A25FD6A00C0E513 /* ServerRequestHandler.swift */,
				A3CC8D301A26012E00C0E513 /* Config.swift */,
				A365FF6F1A37449E001706F5 /* DataHandler.swift */,
				A3AAFC261A4178A30026D744 /* ImageHandler.swift */,
			);
			name = Library;
			sourceTree = "<group>";
		};
		A3D006B71A271116007FD6F6 /* SwiftHTTP */ = {
			isa = PBXGroup;
			children = (
				B37373F61A287D5600A35E2E /* HTTPRequestSerializer.swift */,
				B37373F71A287D5600A35E2E /* HTTPResponseSerializer.swift */,
				B37373F81A287D5600A35E2E /* HTTPTask.swift */,
				B37373F91A287D5600A35E2E /* HTTPUpload.swift */,
			);
			name = SwiftHTTP;
			sourceTree = "<group>";
		};
		A3D006C11A27143F007FD6F6 /* Objects */ = {
			isa = PBXGroup;
			children = (
				B3FF110C1A2718A600F3AE84 /* User.swift */,
				A3CC8D321A260E2D00C0E513 /* Category.swift */,
				A35737E81A2777660021DD36 /* Offer.swift */,
				A35737EA1A2777840021DD36 /* Product.swift */,
				A3DB3E391A28AA9D00062094 /* Beacon.swift */,
			);
			name = Objects;
			sourceTree = "<group>";
		};
		B3351B251A3891E80060759A /* IMG */ = {
			isa = PBXGroup;
			children = (
				B3351B211A3891CC0060759A /* cancel.png */,
				B34A1BCD1A43152B0068EACB /* hardware_tools_1.png */,
				B34A1BD11A431B960068EACB /* signUp.png */,
				B3351B261A3999290060759A /* emptyprofile.png */,
				B3351B221A3891CC0060759A /* Spijkers.png */,
			);
			name = IMG;
			sourceTree = "<group>";
		};
		B3A1A3261A24784C0090BC17 = {
			isa = PBXGroup;
			children = (
				B37374021A28909D00A35E2E /* CoreData.framework */,
				B3A1A3311A24784C0090BC17 /* Move4Mobile */,
				B3A1A3471A24784D0090BC17 /* Move4MobileTests */,
				B3A1A3301A24784C0090BC17 /* Products */,
			);
			sourceTree = "<group>";
		};
		B3A1A3301A24784C0090BC17 /* Products */ = {
			isa = PBXGroup;
			children = (
				B3A1A32F1A24784C0090BC17 /* Move4Klant.app */,
			);
			name = Products;
			sourceTree = "<group>";
		};
		B3A1A3311A24784C0090BC17 /* Move4Mobile */ = {
			isa = PBXGroup;
			children = (
				B3351B251A3891E80060759A /* IMG */,
				A365FF711A3852BA001706F5 /* Library */,
				A3D006C11A27143F007FD6F6 /* Objects */,
				A3D006B71A271116007FD6F6 /* SwiftHTTP */,
				B3A1A3341A24784C0090BC17 /* AppDelegate.swift */,
				B3A1A3381A24784C0090BC17 /* Main.storyboard */,
				B3D89FD21A417EE700A57FD1 /* SignUp.swift */,
				B396E6E91A38340F005B454A /* OfferView.swift */,
				B396E6E51A373F2E005B454A /* ProductView.swift */,
				B3D49E971A31A4BE00982DF5 /* LogIn.swift */,
				B3A1A3361A24784C0090BC17 /* ViewController.swift */,
				B30BA8981A249E0700B398CB /* LikedCategoriesCell.swift */,
				B30BA8941A249D9F00B398CB /* LikedCategories.swift */,
				B30BA89C1A24A0A900B398CB /* EditAccountCell.swift */,
				B30BA8921A249D6000B398CB /* EditAccount.swift */,
				B30BA8961A249DD900B398CB /* ManageAccountCell.swift */,
				B30BA8901A249C9800B398CB /* ManageAccount.swift */,
				B30BA89A1A249F5400B398CB /* SettingsCell.swift */,
				B30BA88E1A249C5700B398CB /* Settings.swift */,
				B30BA88C1A249C2800B398CB /* Home.swift */,
				B3D49E931A2DBD9F00982DF5 /* ScanForBeaconsCell.swift */,
				B3D49E911A2DBB8400982DF5 /* ScanForBeacons.swift */,
				B3A1A33B1A24784D0090BC17 /* Images.xcassets */,
				B3A1A33D1A24784D0090BC17 /* LaunchScreen.xib */,
				B3A1A3321A24784C0090BC17 /* Supporting Files */,
				A365FF6C1A370D2B001706F5 /* Move4Klant.xcdatamodeld */,
			);
			path = Move4Mobile;
			sourceTree = "<group>";
		};
		B3A1A3321A24784C0090BC17 /* Supporting Files */ = {
			isa = PBXGroup;
			children = (
				B3A1A3331A24784C0090BC17 /* Info.plist */,
			);
			name = "Supporting Files";
			sourceTree = "<group>";
		};
		B3A1A3471A24784D0090BC17 /* Move4MobileTests */ = {
			isa = PBXGroup;
			children = (
				B3A1A34A1A24784D0090BC17 /* Move4MobileTests.swift */,
				B3A1A3481A24784D0090BC17 /* Supporting Files */,
			);
			path = Move4MobileTests;
			sourceTree = "<group>";
		};
		B3A1A3481A24784D0090BC17 /* Supporting Files */ = {
			isa = PBXGroup;
			children = (
				B3A1A3491A24784D0090BC17 /* Info.plist */,
			);
			name = "Supporting Files";
			sourceTree = "<group>";
		};
/* End PBXGroup section */

/* Begin PBXNativeTarget section */
		B3A1A32E1A24784C0090BC17 /* Move4Klant */ = {
			isa = PBXNativeTarget;
			buildConfigurationList = B3A1A34E1A24784D0090BC17 /* Build configuration list for PBXNativeTarget "Move4Klant" */;
			buildPhases = (
				B3A1A32B1A24784C0090BC17 /* Sources */,
				B3A1A32C1A24784C0090BC17 /* Frameworks */,
				B3A1A32D1A24784C0090BC17 /* Resources */,
			);
			buildRules = (
			);
			dependencies = (
			);
			name = Move4Klant;
			productName = Move4Mobile;
			productReference = B3A1A32F1A24784C0090BC17 /* Move4Klant.app */;
			productType = "com.apple.product-type.application";
		};
/* End PBXNativeTarget section */

/* Begin PBXProject section */
		B3A1A3271A24784C0090BC17 /* Project object */ = {
			isa = PBXProject;
			attributes = {
				LastUpgradeCheck = 0610;
				ORGANIZATIONNAME = Move4Mobile;
				TargetAttributes = {
					B3A1A32E1A24784C0090BC17 = {
						CreatedOnToolsVersion = 6.1;
						DevelopmentTeam = YQ62CYT4B3;
						SystemCapabilities = {
							com.apple.BackgroundModes = {
								enabled = 1;
							};
						};
					};
				};
			};
			buildConfigurationList = B3A1A32A1A24784C0090BC17 /* Build configuration list for PBXProject "Move4Klant" */;
			compatibilityVersion = "Xcode 3.2";
			developmentRegion = English;
			hasScannedForEncodings = 0;
			knownRegions = (
				en,
				Base,
			);
			mainGroup = B3A1A3261A24784C0090BC17;
			productRefGroup = B3A1A3301A24784C0090BC17 /* Products */;
			projectDirPath = "";
			projectRoot = "";
			targets = (
				B3A1A32E1A24784C0090BC17 /* Move4Klant */,
			);
		};
/* End PBXProject section */

/* Begin PBXResourcesBuildPhase section */
		B3A1A32D1A24784C0090BC17 /* Resources */ = {
			isa = PBXResourcesBuildPhase;
			buildActionMask = 2147483647;
			files = (
				B3A1A33A1A24784C0090BC17 /* Main.storyboard in Resources */,
				B34A1BCE1A43152B0068EACB /* hardware_tools_1.png in Resources */,
				B3351B241A3891CC0060759A /* Spijkers.png in Resources */,
				B34A1BD21A431B960068EACB /* signUp.png in Resources */,
				B3A1A33F1A24784D0090BC17 /* LaunchScreen.xib in Resources */,
				B3351B271A3999290060759A /* emptyprofile.png in Resources */,
				B3A1A33C1A24784D0090BC17 /* Images.xcassets in Resources */,
				B3351B231A3891CC0060759A /* cancel.png in Resources */,
			);
			runOnlyForDeploymentPostprocessing = 0;
		};
/* End PBXResourcesBuildPhase section */

/* Begin PBXSourcesBuildPhase section */
		B3A1A32B1A24784C0090BC17 /* Sources */ = {
			isa = PBXSourcesBuildPhase;
			buildActionMask = 2147483647;
			files = (
				B30BA8971A249DD900B398CB /* ManageAccountCell.swift in Sources */,
				B3A1A3371A24784C0090BC17 /* ViewController.swift in Sources */,
				A35737E91A2777660021DD36 /* Offer.swift in Sources */,
				B30BA88D1A249C2800B398CB /* Home.swift in Sources */,
				B30BA89D1A24A0A900B398CB /* EditAccountCell.swift in Sources */,
				B30BA88F1A249C5700B398CB /* Settings.swift in Sources */,
				B30BA89B1A249F5400B398CB /* SettingsCell.swift in Sources */,
				A3CC8D311A26012E00C0E513 /* Config.swift in Sources */,
				B30BA8991A249E0700B398CB /* LikedCategoriesCell.swift in Sources */,
				A3CC8D2F1A25FD6A00C0E513 /* ServerRequestHandler.swift in Sources */,
				A3AAFC271A4178A30026D744 /* ImageHandler.swift in Sources */,
				B396E6E61A373F2E005B454A /* ProductView.swift in Sources */,
				B3A1A3351A24784C0090BC17 /* AppDelegate.swift in Sources */,
				B3D49E941A2DBD9F00982DF5 /* ScanForBeaconsCell.swift in Sources */,
				A365FF6E1A370D2B001706F5 /* Move4Klant.xcdatamodeld in Sources */,
				B3D49E921A2DBB8400982DF5 /* ScanForBeacons.swift in Sources */,
				B396E6EA1A38340F005B454A /* OfferView.swift in Sources */,
				B3FF110D1A2718A600F3AE84 /* User.swift in Sources */,
				B30BA8951A249D9F00B398CB /* LikedCategories.swift in Sources */,
				B30BA8911A249C9800B398CB /* ManageAccount.swift in Sources */,
				B3D89FD31A417EE700A57FD1 /* SignUp.swift in Sources */,
				B30BA8931A249D6000B398CB /* EditAccount.swift in Sources */,
				B37373FA1A287D5600A35E2E /* HTTPRequestSerializer.swift in Sources */,
				B37373FC1A287D5600A35E2E /* HTTPTask.swift in Sources */,
				A3CC8D331A260E2D00C0E513 /* Category.swift in Sources */,
				B37373FB1A287D5600A35E2E /* HTTPResponseSerializer.swift in Sources */,
				A365FF701A37449E001706F5 /* DataHandler.swift in Sources */,
				B37373FD1A287D5600A35E2E /* HTTPUpload.swift in Sources */,
				A3DB3E3A1A28AA9D00062094 /* Beacon.swift in Sources */,
				A35737EB1A2777840021DD36 /* Product.swift in Sources */,
				B3D49E981A31A4BE00982DF5 /* LogIn.swift in Sources */,
			);
			runOnlyForDeploymentPostprocessing = 0;
		};
/* End PBXSourcesBuildPhase section */

/* Begin PBXVariantGroup section */
		B3A1A3381A24784C0090BC17 /* Main.storyboard */ = {
			isa = PBXVariantGroup;
			children = (
				B3A1A3391A24784C0090BC17 /* Base */,
			);
			name = Main.storyboard;
			sourceTree = "<group>";
		};
		B3A1A33D1A24784D0090BC17 /* LaunchScreen.xib */ = {
			isa = PBXVariantGroup;
			children = (
				B3A1A33E1A24784D0090BC17 /* Base */,
			);
			name = LaunchScreen.xib;
			sourceTree = "<group>";
		};
/* End PBXVariantGroup section */

/* Begin XCBuildConfiguration section */
		B3A1A34C1A24784D0090BC17 /* Debug */ = {
			isa = XCBuildConfiguration;
			buildSettings = {
				ALWAYS_SEARCH_USER_PATHS = NO;
				CLANG_CXX_LANGUAGE_STANDARD = "gnu++0x";
				CLANG_CXX_LIBRARY = "libc++";
				CLANG_ENABLE_MODULES = YES;
				CLANG_ENABLE_OBJC_ARC = YES;
				CLANG_WARN_BOOL_CONVERSION = YES;
				CLANG_WARN_CONSTANT_CONVERSION = YES;
				CLANG_WARN_DIRECT_OBJC_ISA_USAGE = YES_ERROR;
				CLANG_WARN_EMPTY_BODY = YES;
				CLANG_WARN_ENUM_CONVERSION = YES;
				CLANG_WARN_INT_CONVERSION = YES;
				CLANG_WARN_OBJC_ROOT_CLASS = YES_ERROR;
				CLANG_WARN_UNREACHABLE_CODE = YES;
				CLANG_WARN__DUPLICATE_METHOD_MATCH = YES;
				"CODE_SIGN_IDENTITY[sdk=iphoneos*]" = "iPhone Developer";
				COPY_PHASE_STRIP = NO;
				ENABLE_STRICT_OBJC_MSGSEND = YES;
				GCC_C_LANGUAGE_STANDARD = gnu99;
				GCC_DYNAMIC_NO_PIC = NO;
				GCC_OPTIMIZATION_LEVEL = 0;
				GCC_PREPROCESSOR_DEFINITIONS = (
					"DEBUG=1",
					"$(inherited)",
				);
				GCC_SYMBOLS_PRIVATE_EXTERN = NO;
				GCC_WARN_64_TO_32_BIT_CONVERSION = YES;
				GCC_WARN_ABOUT_RETURN_TYPE = YES_ERROR;
				GCC_WARN_UNDECLARED_SELECTOR = YES;
				GCC_WARN_UNINITIALIZED_AUTOS = YES_AGGRESSIVE;
				GCC_WARN_UNUSED_FUNCTION = YES;
				GCC_WARN_UNUSED_VARIABLE = YES;
				IPHONEOS_DEPLOYMENT_TARGET = 7.1;
				MTL_ENABLE_DEBUG_INFO = YES;
				ONLY_ACTIVE_ARCH = YES;
				SDKROOT = iphoneos;
				SWIFT_OPTIMIZATION_LEVEL = "-Onone";
			};
			name = Debug;
		};
		B3A1A34D1A24784D0090BC17 /* Release */ = {
			isa = XCBuildConfiguration;
			buildSettings = {
				ALWAYS_SEARCH_USER_PATHS = NO;
				CLANG_CXX_LANGUAGE_STANDARD = "gnu++0x";
				CLANG_CXX_LIBRARY = "libc++";
				CLANG_ENABLE_MODULES = YES;
				CLANG_ENABLE_OBJC_ARC = YES;
				CLANG_WARN_BOOL_CONVERSION = YES;
				CLANG_WARN_CONSTANT_CONVERSION = YES;
				CLANG_WARN_DIRECT_OBJC_ISA_USAGE = YES_ERROR;
				CLANG_WARN_EMPTY_BODY = YES;
				CLANG_WARN_ENUM_CONVERSION = YES;
				CLANG_WARN_INT_CONVERSION = YES;
				CLANG_WARN_OBJC_ROOT_CLASS = YES_ERROR;
				CLANG_WARN_UNREACHABLE_CODE = YES;
				CLANG_WARN__DUPLICATE_METHOD_MATCH = YES;
				"CODE_SIGN_IDENTITY[sdk=iphoneos*]" = "iPhone Developer";
				COPY_PHASE_STRIP = YES;
				ENABLE_NS_ASSERTIONS = NO;
				ENABLE_STRICT_OBJC_MSGSEND = YES;
				GCC_C_LANGUAGE_STANDARD = gnu99;
				GCC_WARN_64_TO_32_BIT_CONVERSION = YES;
				GCC_WARN_ABOUT_RETURN_TYPE = YES_ERROR;
				GCC_WARN_UNDECLARED_SELECTOR = YES;
				GCC_WARN_UNINITIALIZED_AUTOS = YES_AGGRESSIVE;
				GCC_WARN_UNUSED_FUNCTION = YES;
				GCC_WARN_UNUSED_VARIABLE = YES;
				IPHONEOS_DEPLOYMENT_TARGET = 7.1;
				MTL_ENABLE_DEBUG_INFO = NO;
				SDKROOT = iphoneos;
				VALIDATE_PRODUCT = YES;
			};
			name = Release;
		};
		B3A1A34F1A24784D0090BC17 /* Debug */ = {
			isa = XCBuildConfiguration;
			buildSettings = {
				ASSETCATALOG_COMPILER_APPICON_NAME = AppIcon;
				ASSETCATALOG_COMPILER_LAUNCHIMAGE_NAME = LaunchImage;
				"CODE_SIGN_IDENTITY[sdk=iphoneos*]" = "iPhone Developer: Sander Wubs (MKLYHUBSK8)";
				INFOPLIST_FILE = Move4Mobile/Info.plist;
				LD_RUNPATH_SEARCH_PATHS = "$(inherited) @executable_path/Frameworks";
				PRODUCT_NAME = Move4Klant;
				PROVISIONING_PROFILE = "e2e009a6-1b5c-4dea-96ab-9cf06913613a";
			};
			name = Debug;
		};
		B3A1A3501A24784D0090BC17 /* Release */ = {
			isa = XCBuildConfiguration;
			buildSettings = {
				ASSETCATALOG_COMPILER_APPICON_NAME = AppIcon;
				ASSETCATALOG_COMPILER_LAUNCHIMAGE_NAME = LaunchImage;
				INFOPLIST_FILE = Move4Mobile/Info.plist;
				LD_RUNPATH_SEARCH_PATHS = "$(inherited) @executable_path/Frameworks";
				PRODUCT_NAME = Move4Klant;
			};
			name = Release;
		};
/* End XCBuildConfiguration section */

/* Begin XCConfigurationList section */
		B3A1A32A1A24784C0090BC17 /* Build configuration list for PBXProject "Move4Klant" */ = {
			isa = XCConfigurationList;
			buildConfigurations = (
				B3A1A34C1A24784D0090BC17 /* Debug */,
				B3A1A34D1A24784D0090BC17 /* Release */,
			);
			defaultConfigurationIsVisible = 0;
			defaultConfigurationName = Release;
		};
		B3A1A34E1A24784D0090BC17 /* Build configuration list for PBXNativeTarget "Move4Klant" */ = {
			isa = XCConfigurationList;
			buildConfigurations = (
				B3A1A34F1A24784D0090BC17 /* Debug */,
				B3A1A3501A24784D0090BC17 /* Release */,
			);
			defaultConfigurationIsVisible = 0;
			defaultConfigurationName = Release;
		};
/* End XCConfigurationList section */

/* Begin XCVersionGroup section */
		A365FF6C1A370D2B001706F5 /* Move4Klant.xcdatamodeld */ = {
			isa = XCVersionGroup;
			children = (
				A365FF6D1A370D2B001706F5 /* Move4Klant.xcdatamodel */,
			);
			currentVersion = A365FF6D1A370D2B001706F5 /* Move4Klant.xcdatamodel */;
			path = Move4Klant.xcdatamodeld;
			sourceTree = "<group>";
			versionGroupType = wrapper.xcdatamodel;
		};
/* End XCVersionGroup section */
	};
	rootObject = B3A1A3271A24784C0090BC17 /* Project object */;
}
